
Microsoft Visual Studio Solution File, Format Version 12.00
# Visual Studio Version 16
VisualStudioVersion = 16.0.29020.237
MinimumVisualStudioVersion = 10.0.40219.1
Project("{9A19103F-16F7-4668-BE54-9A1E7A4F7556}") = "DAL", "DAL\DAL.csproj", "{E3C250BF-0665-4DEE-B0BF-72CC7EE7BE2C}"
EndProject
Project("{9A19103F-16F7-4668-BE54-9A1E7A4F7556}") = "Models", "Models\Models.csproj", "{E40E62A2-8EBE-40D8-BBE0-1C5A331955ED}"
EndProject
Project("{9A19103F-16F7-4668-BE54-9A1E7A4F7556}") = "Repo", "Repo\Repo.csproj", "{97A0281E-D195-40F5-A359-1966A5927030}"
EndProject
Project("{9A19103F-16F7-4668-BE54-9A1E7A4F7556}") = "Service", "Service\Service.csproj", "{43F6EFC1-AEA2-4AD9-B276-DDFBA8FC7E72}"
EndProject
Project("{9A19103F-16F7-4668-BE54-9A1E7A4F7556}") = "API", "API\API.csproj", "{65E20BA1-C06F-4BA4-9648-5258DC94B28C}"
EndProject
Global
	GlobalSection(SolutionConfigurationPlatforms) = preSolution
		Debug|Any CPU = Debug|Any CPU
		Release|Any CPU = Release|Any CPU
	EndGlobalSection
	GlobalSection(ProjectConfigurationPlatforms) = postSolution
		{E3C250BF-0665-4DEE-B0BF-72CC7EE7BE2C}.Debug|Any CPU.ActiveCfg = Debug|Any CPU
		{E3C250BF-0665-4DEE-B0BF-72CC7EE7BE2C}.Debug|Any CPU.Build.0 = Debug|Any CPU
		{E3C250BF-0665-4DEE-B0BF-72CC7EE7BE2C}.Release|Any CPU.ActiveCfg = Release|Any CPU
		{E3C250BF-0665-4DEE-B0BF-72CC7EE7BE2C}.Release|Any CPU.Build.0 = Release|Any CPU
		{E40E62A2-8EBE-40D8-BBE0-1C5A331955ED}.Debug|Any CPU.ActiveCfg = Debug|Any CPU
		{E40E62A2-8EBE-40D8-BBE0-1C5A331955ED}.Debug|Any CPU.Build.0 = Debug|Any CPU
		{E40E62A2-8EBE-40D8-BBE0-1C5A331955ED}.Release|Any CPU.ActiveCfg = Release|Any CPU
		{E40E62A2-8EBE-40D8-BBE0-1C5A331955ED}.Release|Any CPU.Build.0 = Release|Any CPU
		{97A0281E-D195-40F5-A359-1966A5927030}.Debug|Any CPU.ActiveCfg = Debug|Any CPU
		{97A0281E-D195-40F5-A359-1966A5927030}.Debug|Any CPU.Build.0 = Debug|Any CPU
		{97A0281E-D195-40F5-A359-1966A5927030}.Release|Any CPU.ActiveCfg = Release|Any CPU
		{97A0281E-D195-40F5-A359-1966A5927030}.Release|Any CPU.Build.0 = Release|Any CPU
		{43F6EFC1-AEA2-4AD9-B276-DDFBA8FC7E72}.Debug|Any CPU.ActiveCfg = Debug|Any CPU
		{43F6EFC1-AEA2-4AD9-B276-DDFBA8FC7E72}.Debug|Any CPU.Build.0 = Debug|Any CPU
		{43F6EFC1-AEA2-4AD9-B276-DDFBA8FC7E72}.Release|Any CPU.ActiveCfg = Release|Any CPU
		{43F6EFC1-AEA2-4AD9-B276-DDFBA8FC7E72}.Release|Any CPU.Build.0 = Release|Any CPU
		{65E20BA1-C06F-4BA4-9648-5258DC94B28C}.Debug|Any CPU.ActiveCfg = Debug|Any CPU
		{65E20BA1-C06F-4BA4-9648-5258DC94B28C}.Debug|Any CPU.Build.0 = Debug|Any CPU
		{65E20BA1-C06F-4BA4-9648-5258DC94B28C}.Release|Any CPU.ActiveCfg = Release|Any CPU
		{65E20BA1-C06F-4BA4-9648-5258DC94B28C}.Release|Any CPU.Build.0 = Release|Any CPU
	EndGlobalSection
	GlobalSection(SolutionProperties) = preSolution
		HideSolutionNode = FALSE
	EndGlobalSection
	GlobalSection(ExtensibilityGlobals) = postSolution
		SolutionGuid = {59216A3A-3E75-4A52-9177-E8ED86A1AECD}
	EndGlobalSection
EndGlobal
